Microsoft Visual Studio Solution File, Format Version 12.00
# Visual Studio Version 17
VisualStudioVersion = 17.5.2.0
MinimumVisualStudioVersion = 10.0.40219.1
Project("{FAE04EC0-301F-11D3-BF4B-00C04F79EFBC}") = "Shop_Validator_Exception", "Shop_Validator_Exception.csproj", "{ADA90D3F-AF1D-08BB-B4D8-484159D41CB9}"
EndProject
Global
	GlobalSection(SolutionConfigurationPlatforms) = preSolution
		Debug|Any CPU = Debug|Any CPU
		Release|Any CPU = Release|Any CPU
	EndGlobalSection
	GlobalSection(ProjectConfigurationPlatforms) = postSolution
		{ADA90D3F-AF1D-08BB-B4D8-484159D41CB9}.Debug|Any CPU.ActiveCfg = Debug|Any CPU
		{ADA90D3F-AF1D-08BB-B4D8-484159D41CB9}.Debug|Any CPU.Build.0 = Debug|Any CPU
		{ADA90D3F-AF1D-08BB-B4D8-484159D41CB9}.Release|Any CPU.ActiveCfg = Release|Any CPU
		{ADA90D3F-AF1D-08BB-B4D8-484159D41CB9}.Release|Any CPU.Build.0 = Release|Any CPU
	EndGlobalSection
	GlobalSection(SolutionProperties) = preSolution
		HideSolutionNode = FALSE
	EndGlobalSection
	GlobalSection(ExtensibilityGlobals) = postSolution
		SolutionGuid = {FEF318D3-45FE-4018-BE0D-2E70A3FE1ED4}
	EndGlobalSection
EndGlobal
