Microsoft Visual Studio Solution File, Format Version 12.00
# Visual Studio Version 17
VisualStudioVersion = 17.5.2.0
MinimumVisualStudioVersion = 10.0.40219.1
Project("{FAE04EC0-301F-11D3-BF4B-00C04F79EFBC}") = "WordWand-String", "WordWand-String.csproj", "{B0260C60-D3D9-BDE5-4F08-E70165A49DD8}"
EndProject
Global
	GlobalSection(SolutionConfigurationPlatforms) = preSolution
		Debug|Any CPU = Debug|Any CPU
		Release|Any CPU = Release|Any CPU
	EndGlobalSection
	GlobalSection(ProjectConfigurationPlatforms) = postSolution
		{B0260C60-D3D9-BDE5-4F08-E70165A49DD8}.Debug|Any CPU.ActiveCfg = Debug|Any CPU
		{B0260C60-D3D9-BDE5-4F08-E70165A49DD8}.Debug|Any CPU.Build.0 = Debug|Any CPU
		{B0260C60-D3D9-BDE5-4F08-E70165A49DD8}.Release|Any CPU.ActiveCfg = Release|Any CPU
		{B0260C60-D3D9-BDE5-4F08-E70165A49DD8}.Release|Any CPU.Build.0 = Release|Any CPU
	EndGlobalSection
	GlobalSection(SolutionProperties) = preSolution
		HideSolutionNode = FALSE
	EndGlobalSection
	GlobalSection(ExtensibilityGlobals) = postSolution
		SolutionGuid = {4432207F-8F82-4BB3-B520-80EAC8827768}
	EndGlobalSection
EndGlobal
